// !$*UTF8*$!
{
	archiveVersion = 1;
	classes = {
	};
	objectVersion = 56;
	objects = {

/* Begin PBXBuildFile section */
		D844AD522A25A6C700847734 /* AppDelegate.swift in Sources */ = {isa = PBXBuildFile; fileRef = D844AD512A25A6C700847734 /* AppDelegate.swift */; };
		D844AD5B2A25A6C800847734 /* Assets.xcassets in Resources */ = {isa = PBXBuildFile; fileRef = D844AD5A2A25A6C800847734 /* Assets.xcassets */; };
		D844AD5E2A25A6C800847734 /* LaunchScreen.storyboard in Resources */ = {isa = PBXBuildFile; fileRef = D844AD5C2A25A6C800847734 /* LaunchScreen.storyboard */; };
		D844AD662A25A7EB00847734 /* TabBarController.swift in Sources */ = {isa = PBXBuildFile; fileRef = D844AD652A25A7EB00847734 /* TabBarController.swift */; };
		D844AD692A25A80200847734 /* AllPokemonsViewController.swift in Sources */ = {isa = PBXBuildFile; fileRef = D844AD672A25A80200847734 /* AllPokemonsViewController.swift */; };
		D844AD6A2A25A80200847734 /* FavoritesPokemonsViewController.swift in Sources */ = {isa = PBXBuildFile; fileRef = D844AD682A25A80200847734 /* FavoritesPokemonsViewController.swift */; };
		D844AD6F2A25ACB600847734 /* SnapKit in Frameworks */ = {isa = PBXBuildFile; productRef = D844AD6E2A25ACB600847734 /* SnapKit */; };
		D844AD792A25C0C800847734 /* AllPokemonsView.swift in Sources */ = {isa = PBXBuildFile; fileRef = D844AD782A25C0C800847734 /* AllPokemonsView.swift */; };
		D844AD7C2A25C1A600847734 /* AllPokemonsTableViewCell.swift in Sources */ = {isa = PBXBuildFile; fileRef = D844AD7B2A25C1A600847734 /* AllPokemonsTableViewCell.swift */; };
		D844AD7E2A25C47A00847734 /* Constants.swift in Sources */ = {isa = PBXBuildFile; fileRef = D844AD7D2A25C47A00847734 /* Constants.swift */; };
		D844AD822A26069A00847734 /* DetailPokemonViewController.swift in Sources */ = {isa = PBXBuildFile; fileRef = D844AD812A26069A00847734 /* DetailPokemonViewController.swift */; };
		D844AD842A2606CD00847734 /* DetailPokemonsView.swift in Sources */ = {isa = PBXBuildFile; fileRef = D844AD832A2606CD00847734 /* DetailPokemonsView.swift */; };
		D8848D262A3B19D300AD4EB0 /* ProtocolTableViewCell.swift in Sources */ = {isa = PBXBuildFile; fileRef = D8848D252A3B19D300AD4EB0 /* ProtocolTableViewCell.swift */; };
		D8848D282A3B1A4B00AD4EB0 /* AllPokemonsCellModel.swift in Sources */ = {isa = PBXBuildFile; fileRef = D8848D272A3B1A4B00AD4EB0 /* AllPokemonsCellModel.swift */; };
		D8848D2B2A3B659500AD4EB0 /* AboutCellModel.swift in Sources */ = {isa = PBXBuildFile; fileRef = D8848D2A2A3B659500AD4EB0 /* AboutCellModel.swift */; };
		D8848D2D2A3B66E300AD4EB0 /* EvolutionCellModel.swift in Sources */ = {isa = PBXBuildFile; fileRef = D8848D2C2A3B66E300AD4EB0 /* EvolutionCellModel.swift */; };
		D8848D2F2A3B6C8200AD4EB0 /* NameCellModel.swift in Sources */ = {isa = PBXBuildFile; fileRef = D8848D2E2A3B6C8200AD4EB0 /* NameCellModel.swift */; };
		D8848D312A3B6E3500AD4EB0 /* StatsCellModel.swift in Sources */ = {isa = PBXBuildFile; fileRef = D8848D302A3B6E3500AD4EB0 /* StatsCellModel.swift */; };
		D8848D332A3B7AA300AD4EB0 /* FavoritesPokemonCellModel.swift in Sources */ = {isa = PBXBuildFile; fileRef = D8848D322A3B7AA300AD4EB0 /* FavoritesPokemonCellModel.swift */; };
		D8848D352A3C1D9B00AD4EB0 /* CreatePokemonModel.swift in Sources */ = {isa = PBXBuildFile; fileRef = D8848D342A3C1D9B00AD4EB0 /* CreatePokemonModel.swift */; };
		D8848D372A3C75D800AD4EB0 /* Alert.swift in Sources */ = {isa = PBXBuildFile; fileRef = D8848D362A3C75D800AD4EB0 /* Alert.swift */; };
		D8FEF7CF2A275BE8007819FA /* ModelsPokemon.swift in Sources */ = {isa = PBXBuildFile; fileRef = D8FEF7CD2A275BE8007819FA /* ModelsPokemon.swift */; };
		D8FEF7D02A275BE8007819FA /* DetailNetworkManager.swift in Sources */ = {isa = PBXBuildFile; fileRef = D8FEF7CE2A275BE8007819FA /* DetailNetworkManager.swift */; };
		D8FEF7D22A275C30007819FA /* FavoritesPokemonsViewModel.swift in Sources */ = {isa = PBXBuildFile; fileRef = D8FEF7D12A275C30007819FA /* FavoritesPokemonsViewModel.swift */; };
		D8FEF7D42A275C42007819FA /* FavoritesPokemonsRouter.swift in Sources */ = {isa = PBXBuildFile; fileRef = D8FEF7D32A275C42007819FA /* FavoritesPokemonsRouter.swift */; };
		D8FEF7D62A275C7C007819FA /* AllPokemonsViewModel.swift in Sources */ = {isa = PBXBuildFile; fileRef = D8FEF7D52A275C7C007819FA /* AllPokemonsViewModel.swift */; };
		D8FEF7D82A275C94007819FA /* AllPokemonsRouter.swift in Sources */ = {isa = PBXBuildFile; fileRef = D8FEF7D72A275C94007819FA /* AllPokemonsRouter.swift */; };
		D8FEF7DA2A275CAA007819FA /* DetailPokemonsViewModel.swift in Sources */ = {isa = PBXBuildFile; fileRef = D8FEF7D92A275CAA007819FA /* DetailPokemonsViewModel.swift */; };
		D8FEF7DF2A275D48007819FA /* RxCocoa in Frameworks */ = {isa = PBXBuildFile; productRef = D8FEF7DE2A275D48007819FA /* RxCocoa */; };
		D8FEF7E12A275D48007819FA /* RxRelay in Frameworks */ = {isa = PBXBuildFile; productRef = D8FEF7E02A275D48007819FA /* RxRelay */; };
		D8FEF7E32A275D48007819FA /* RxSwift in Frameworks */ = {isa = PBXBuildFile; productRef = D8FEF7E22A275D48007819FA /* RxSwift */; };
		D8FEF7E62A285AC2007819FA /* NameAndTypeOfPokemonTableViewCell.swift in Sources */ = {isa = PBXBuildFile; fileRef = D8FEF7E52A285AC2007819FA /* NameAndTypeOfPokemonTableViewCell.swift */; };
		D8FEF7EA2A28A9EE007819FA /* ParalaxTableView.swift in Sources */ = {isa = PBXBuildFile; fileRef = D8FEF7E92A28A9EE007819FA /* ParalaxTableView.swift */; };
		D8FEF83B2A2EF7EA007819FA /* SegmentControlTableViewCell.swift in Sources */ = {isa = PBXBuildFile; fileRef = D8FEF83A2A2EF7EA007819FA /* SegmentControlTableViewCell.swift */; };
		D8FEF83D2A2F34D8007819FA /* AboutTableViewCell.swift in Sources */ = {isa = PBXBuildFile; fileRef = D8FEF83C2A2F34D8007819FA /* AboutTableViewCell.swift */; };
		D8FEF8422A2F5D84007819FA /* StatsTableViewCell.swift in Sources */ = {isa = PBXBuildFile; fileRef = D8FEF8412A2F5D84007819FA /* StatsTableViewCell.swift */; };
		D8FEF8442A31C67E007819FA /* EvolutionTableViewCell.swift in Sources */ = {isa = PBXBuildFile; fileRef = D8FEF8432A31C67E007819FA /* EvolutionTableViewCell.swift */; };
		D8FEF8462A337FA2007819FA /* PokemonMaper.swift in Sources */ = {isa = PBXBuildFile; fileRef = D8FEF8452A337FA2007819FA /* PokemonMaper.swift */; };
		D8FEF8482A33803A007819FA /* ModelsAboutPokemon.swift in Sources */ = {isa = PBXBuildFile; fileRef = D8FEF8472A338039007819FA /* ModelsAboutPokemon.swift */; };
		D8FEF84A2A33808C007819FA /* ModelsEvolutionPokemon.swift in Sources */ = {isa = PBXBuildFile; fileRef = D8FEF8492A33808C007819FA /* ModelsEvolutionPokemon.swift */; };
		D8FEF84C2A3381A3007819FA /* ModelsPokemonEntry.swift in Sources */ = {isa = PBXBuildFile; fileRef = D8FEF84B2A3381A3007819FA /* ModelsPokemonEntry.swift */; };
		D8FEF84E2A381FCF007819FA /* MovesTableViewCell.swift in Sources */ = {isa = PBXBuildFile; fileRef = D8FEF84D2A381FCF007819FA /* MovesTableViewCell.swift */; };
		D8FEF8502A382126007819FA /* MovesCollectionViewCell.swift in Sources */ = {isa = PBXBuildFile; fileRef = D8FEF84F2A382126007819FA /* MovesCollectionViewCell.swift */; };
		D8FEF8522A39909D007819FA /* AllPokemonNetworkManager.swift in Sources */ = {isa = PBXBuildFile; fileRef = D8FEF8512A39909D007819FA /* AllPokemonNetworkManager.swift */; };
		D8FEF8572A39BE3D007819FA /* Kingfisher in Frameworks */ = {isa = PBXBuildFile; productRef = D8FEF8562A39BE3D007819FA /* Kingfisher */; };
		D8FEF85D2A39E533007819FA /* PokemonDataModel.xcdatamodeld in Sources */ = {isa = PBXBuildFile; fileRef = D8FEF85B2A39E533007819FA /* PokemonDataModel.xcdatamodeld */; };
		D8FEF8612A39E660007819FA /* PokemonEntry+CoreDataProperties.swift in Sources */ = {isa = PBXBuildFile; fileRef = D8FEF85F2A39E660007819FA /* PokemonEntry+CoreDataProperties.swift */; };
		D8FEF8632A39E74E007819FA /* StoregeManager.swift in Sources */ = {isa = PBXBuildFile; fileRef = D8FEF8622A39E74E007819FA /* StoregeManager.swift */; };
		D8FEF8652A39FB7F007819FA /* FavoritesPokemonsView.swift in Sources */ = {isa = PBXBuildFile; fileRef = D8FEF8642A39FB7F007819FA /* FavoritesPokemonsView.swift */; };
		D8FEF8692A3A025B007819FA /* FavotitesPokemonsTableViewCell.swift in Sources */ = {isa = PBXBuildFile; fileRef = D8FEF8682A3A025B007819FA /* FavotitesPokemonsTableViewCell.swift */; };
/* End PBXBuildFile section */

/* Begin PBXFileReference section */
		D844AD4E2A25A6C700847734 /* Pokedex.app */ = {isa = PBXFileReference; explicitFileType = wrapper.application; includeInIndex = 0; path = Pokedex.app; sourceTree = BUILT_PRODUCTS_DIR; };
		D844AD512A25A6C700847734 /* AppDelegate.swift */ = {isa = PBXFileReference; lastKnownFileType = sourcecode.swift; path = AppDelegate.swift; sourceTree = "<group>"; };
		D844AD5A2A25A6C800847734 /* Assets.xcassets */ = {isa = PBXFileReference; lastKnownFileType = folder.assetcatalog; path = Assets.xcassets; sourceTree = "<group>"; };
		D844AD5D2A25A6C800847734 /* Base */ = {isa = PBXFileReference; lastKnownFileType = file.storyboard; name = Base; path = Base.lproj/LaunchScreen.storyboard; sourceTree = "<group>"; };
		D844AD5F2A25A6C800847734 /* Info.plist */ = {isa = PBXFileReference; lastKnownFileType = text.plist.xml; path = Info.plist; sourceTree = "<group>"; };
		D844AD652A25A7EB00847734 /* TabBarController.swift */ = {isa = PBXFileReference; fileEncoding = 4; lastKnownFileType = sourcecode.swift; path = TabBarController.swift; sourceTree = "<group>"; };
		D844AD672A25A80200847734 /* AllPokemonsViewController.swift */ = {isa = PBXFileReference; fileEncoding = 4; lastKnownFileType = sourcecode.swift; path = AllPokemonsViewController.swift; sourceTree = "<group>"; };
		D844AD682A25A80200847734 /* FavoritesPokemonsViewController.swift */ = {isa = PBXFileReference; fileEncoding = 4; lastKnownFileType = sourcecode.swift; path = FavoritesPokemonsViewController.swift; sourceTree = "<group>"; };
		D844AD782A25C0C800847734 /* AllPokemonsView.swift */ = {isa = PBXFileReference; lastKnownFileType = sourcecode.swift; path = AllPokemonsView.swift; sourceTree = "<group>"; };
		D844AD7B2A25C1A600847734 /* AllPokemonsTableViewCell.swift */ = {isa = PBXFileReference; lastKnownFileType = sourcecode.swift; path = AllPokemonsTableViewCell.swift; sourceTree = "<group>"; };
		D844AD7D2A25C47A00847734 /* Constants.swift */ = {isa = PBXFileReference; lastKnownFileType = sourcecode.swift; path = Constants.swift; sourceTree = "<group>"; };
		D844AD812A26069A00847734 /* DetailPokemonViewController.swift */ = {isa = PBXFileReference; lastKnownFileType = sourcecode.swift; path = DetailPokemonViewController.swift; sourceTree = "<group>"; };
		D844AD832A2606CD00847734 /* DetailPokemonsView.swift */ = {isa = PBXFileReference; lastKnownFileType = sourcecode.swift; path = DetailPokemonsView.swift; sourceTree = "<group>"; };
		D8848D252A3B19D300AD4EB0 /* ProtocolTableViewCell.swift */ = {isa = PBXFileReference; lastKnownFileType = sourcecode.swift; path = ProtocolTableViewCell.swift; sourceTree = "<group>"; };
		D8848D272A3B1A4B00AD4EB0 /* AllPokemonsCellModel.swift */ = {isa = PBXFileReference; lastKnownFileType = sourcecode.swift; path = AllPokemonsCellModel.swift; sourceTree = "<group>"; };
		D8848D2A2A3B659500AD4EB0 /* AboutCellModel.swift */ = {isa = PBXFileReference; lastKnownFileType = sourcecode.swift; path = AboutCellModel.swift; sourceTree = "<group>"; };
		D8848D2C2A3B66E300AD4EB0 /* EvolutionCellModel.swift */ = {isa = PBXFileReference; lastKnownFileType = sourcecode.swift; path = EvolutionCellModel.swift; sourceTree = "<group>"; };
		D8848D2E2A3B6C8200AD4EB0 /* NameCellModel.swift */ = {isa = PBXFileReference; lastKnownFileType = sourcecode.swift; path = NameCellModel.swift; sourceTree = "<group>"; };
		D8848D302A3B6E3500AD4EB0 /* StatsCellModel.swift */ = {isa = PBXFileReference; lastKnownFileType = sourcecode.swift; path = StatsCellModel.swift; sourceTree = "<group>"; };
		D8848D322A3B7AA300AD4EB0 /* FavoritesPokemonCellModel.swift */ = {isa = PBXFileReference; lastKnownFileType = sourcecode.swift; path = FavoritesPokemonCellModel.swift; sourceTree = "<group>"; };
		D8848D342A3C1D9B00AD4EB0 /* CreatePokemonModel.swift */ = {isa = PBXFileReference; lastKnownFileType = sourcecode.swift; path = CreatePokemonModel.swift; sourceTree = "<group>"; };
		D8848D362A3C75D800AD4EB0 /* Alert.swift */ = {isa = PBXFileReference; lastKnownFileType = sourcecode.swift; path = Alert.swift; sourceTree = "<group>"; };
		D8FEF7CD2A275BE8007819FA /* ModelsPokemon.swift */ = {isa = PBXFileReference; fileEncoding = 4; lastKnownFileType = sourcecode.swift; path = ModelsPokemon.swift; sourceTree = "<group>"; };
		D8FEF7CE2A275BE8007819FA /* DetailNetworkManager.swift */ = {isa = PBXFileReference; fileEncoding = 4; lastKnownFileType = sourcecode.swift; path = DetailNetworkManager.swift; sourceTree = "<group>"; };
		D8FEF7D12A275C30007819FA /* FavoritesPokemonsViewModel.swift */ = {isa = PBXFileReference; lastKnownFileType = sourcecode.swift; path = FavoritesPokemonsViewModel.swift; sourceTree = "<group>"; };
		D8FEF7D32A275C42007819FA /* FavoritesPokemonsRouter.swift */ = {isa = PBXFileReference; lastKnownFileType = sourcecode.swift; path = FavoritesPokemonsRouter.swift; sourceTree = "<group>"; };
		D8FEF7D52A275C7C007819FA /* AllPokemonsViewModel.swift */ = {isa = PBXFileReference; lastKnownFileType = sourcecode.swift; path = AllPokemonsViewModel.swift; sourceTree = "<group>"; };
		D8FEF7D72A275C94007819FA /* AllPokemonsRouter.swift */ = {isa = PBXFileReference; lastKnownFileType = sourcecode.swift; path = AllPokemonsRouter.swift; sourceTree = "<group>"; };
		D8FEF7D92A275CAA007819FA /* DetailPokemonsViewModel.swift */ = {isa = PBXFileReference; lastKnownFileType = sourcecode.swift; path = DetailPokemonsViewModel.swift; sourceTree = "<group>"; };
		D8FEF7E52A285AC2007819FA /* NameAndTypeOfPokemonTableViewCell.swift */ = {isa = PBXFileReference; lastKnownFileType = sourcecode.swift; path = NameAndTypeOfPokemonTableViewCell.swift; sourceTree = "<group>"; };
		D8FEF7E92A28A9EE007819FA /* ParalaxTableView.swift */ = {isa = PBXFileReference; lastKnownFileType = sourcecode.swift; path = ParalaxTableView.swift; sourceTree = "<group>"; };
		D8FEF83A2A2EF7EA007819FA /* SegmentControlTableViewCell.swift */ = {isa = PBXFileReference; lastKnownFileType = sourcecode.swift; path = SegmentControlTableViewCell.swift; sourceTree = "<group>"; };
		D8FEF83C2A2F34D8007819FA /* AboutTableViewCell.swift */ = {isa = PBXFileReference; lastKnownFileType = sourcecode.swift; path = AboutTableViewCell.swift; sourceTree = "<group>"; };
		D8FEF8412A2F5D84007819FA /* StatsTableViewCell.swift */ = {isa = PBXFileReference; lastKnownFileType = sourcecode.swift; path = StatsTableViewCell.swift; sourceTree = "<group>"; };
		D8FEF8432A31C67E007819FA /* EvolutionTableViewCell.swift */ = {isa = PBXFileReference; lastKnownFileType = sourcecode.swift; path = EvolutionTableViewCell.swift; sourceTree = "<group>"; };
		D8FEF8452A337FA2007819FA /* PokemonMaper.swift */ = {isa = PBXFileReference; lastKnownFileType = sourcecode.swift; path = PokemonMaper.swift; sourceTree = "<group>"; };
		D8FEF8472A338039007819FA /* ModelsAboutPokemon.swift */ = {isa = PBXFileReference; lastKnownFileType = sourcecode.swift; path = ModelsAboutPokemon.swift; sourceTree = "<group>"; };
		D8FEF8492A33808C007819FA /* ModelsEvolutionPokemon.swift */ = {isa = PBXFileReference; lastKnownFileType = sourcecode.swift; path = ModelsEvolutionPokemon.swift; sourceTree = "<group>"; };
		D8FEF84B2A3381A3007819FA /* ModelsPokemonEntry.swift */ = {isa = PBXFileReference; lastKnownFileType = sourcecode.swift; path = ModelsPokemonEntry.swift; sourceTree = "<group>"; };
		D8FEF84D2A381FCF007819FA /* MovesTableViewCell.swift */ = {isa = PBXFileReference; lastKnownFileType = sourcecode.swift; path = MovesTableViewCell.swift; sourceTree = "<group>"; };
		D8FEF84F2A382126007819FA /* MovesCollectionViewCell.swift */ = {isa = PBXFileReference; lastKnownFileType = sourcecode.swift; path = MovesCollectionViewCell.swift; sourceTree = "<group>"; };
		D8FEF8512A39909D007819FA /* AllPokemonNetworkManager.swift */ = {isa = PBXFileReference; lastKnownFileType = sourcecode.swift; path = AllPokemonNetworkManager.swift; sourceTree = "<group>"; };
		D8FEF85C2A39E533007819FA /* PokemonDataModel.xcdatamodel */ = {isa = PBXFileReference; lastKnownFileType = wrapper.xcdatamodel; path = PokemonDataModel.xcdatamodel; sourceTree = "<group>"; };
		D8FEF85F2A39E660007819FA /* PokemonEntry+CoreDataProperties.swift */ = {isa = PBXFileReference; lastKnownFileType = sourcecode.swift; name = "PokemonEntry+CoreDataProperties.swift"; path = "Pokedex/Managers/DataManager/PokemonEntry+CoreDataProperties.swift"; sourceTree = "<group>"; };
		D8FEF8622A39E74E007819FA /* StoregeManager.swift */ = {isa = PBXFileReference; lastKnownFileType = sourcecode.swift; path = StoregeManager.swift; sourceTree = "<group>"; };
		D8FEF8642A39FB7F007819FA /* FavoritesPokemonsView.swift */ = {isa = PBXFileReference; lastKnownFileType = sourcecode.swift; path = FavoritesPokemonsView.swift; sourceTree = "<group>"; };
		D8FEF8682A3A025B007819FA /* FavotitesPokemonsTableViewCell.swift */ = {isa = PBXFileReference; lastKnownFileType = sourcecode.swift; path = FavotitesPokemonsTableViewCell.swift; sourceTree = "<group>"; };
/* End PBXFileReference section */

/* Begin PBXFrameworksBuildPhase section */
		D844AD4B2A25A6C700847734 /* Frameworks */ = {
			isa = PBXFrameworksBuildPhase;
			buildActionMask = 2147483647;
			files = (
				D8FEF7E12A275D48007819FA /* RxRelay in Frameworks */,
				D8FEF7DF2A275D48007819FA /* RxCocoa in Frameworks */,
				D8FEF7E32A275D48007819FA /* RxSwift in Frameworks */,
				D844AD6F2A25ACB600847734 /* SnapKit in Frameworks */,
				D8FEF8572A39BE3D007819FA /* Kingfisher in Frameworks */,
			);
			runOnlyForDeploymentPostprocessing = 0;
		};
/* End PBXFrameworksBuildPhase section */

/* Begin PBXGroup section */
		D844AD452A25A6C700847734 = {
			isa = PBXGroup;
			children = (
				D8FEF85F2A39E660007819FA /* PokemonEntry+CoreDataProperties.swift */,
				D844AD502A25A6C700847734 /* Pokedex */,
				D844AD4F2A25A6C700847734 /* Products */,
			);
			sourceTree = "<group>";
		};
		D844AD4F2A25A6C700847734 /* Products */ = {
			isa = PBXGroup;
			children = (
				D844AD4E2A25A6C700847734 /* Pokedex.app */,
			);
			name = Products;
			sourceTree = "<group>";
		};
		D844AD502A25A6C700847734 /* Pokedex */ = {
			isa = PBXGroup;
			children = (
				D844AD6C2A25AC9E00847734 /* App */,
				D844AD8B2A275B1600847734 /* Helpers */,
				D844AD8C2A275B4500847734 /* Managers */,
				D844AD772A25C09800847734 /* Modules */,
				D844AD6B2A25AC3C00847734 /* Resources */,
			);
			path = Pokedex;
			sourceTree = "<group>";
		};
		D844AD6B2A25AC3C00847734 /* Resources */ = {
			isa = PBXGroup;
			children = (
				D844AD5A2A25A6C800847734 /* Assets.xcassets */,
				D844AD5C2A25A6C800847734 /* LaunchScreen.storyboard */,
				D844AD5F2A25A6C800847734 /* Info.plist */,
			);
			path = Resources;
			sourceTree = "<group>";
		};
		D844AD6C2A25AC9E00847734 /* App */ = {
			isa = PBXGroup;
			children = (
				D844AD512A25A6C700847734 /* AppDelegate.swift */,
			);
			path = App;
			sourceTree = "<group>";
		};
		D844AD762A25C06E00847734 /* Pokedex */ = {
			isa = PBXGroup;
			children = (
				D844AD7F2A26066700847734 /* AllPokemon */,
				D844AD802A26067A00847734 /* DetailPokemon */,
			);
			path = Pokedex;
			sourceTree = "<group>";
		};
		D844AD772A25C09800847734 /* Modules */ = {
			isa = PBXGroup;
			children = (
				D8848D362A3C75D800AD4EB0 /* Alert.swift */,
				D8848D252A3B19D300AD4EB0 /* ProtocolTableViewCell.swift */,
				D844AD8A2A275A9100847734 /* Favorites */,
				D844AD762A25C06E00847734 /* Pokedex */,
				D844AD892A275A1F00847734 /* TabBar */,
			);
			path = Modules;
			sourceTree = "<group>";
		};
		D844AD7A2A25C19100847734 /* Cell */ = {
			isa = PBXGroup;
			children = (
				D844AD7B2A25C1A600847734 /* AllPokemonsTableViewCell.swift */,
				D8848D272A3B1A4B00AD4EB0 /* AllPokemonsCellModel.swift */,
			);
			path = Cell;
			sourceTree = "<group>";
		};
		D844AD7F2A26066700847734 /* AllPokemon */ = {
			isa = PBXGroup;
			children = (
				D844AD672A25A80200847734 /* AllPokemonsViewController.swift */,
				D844AD782A25C0C800847734 /* AllPokemonsView.swift */,
				D8FEF7D52A275C7C007819FA /* AllPokemonsViewModel.swift */,
				D8FEF7D72A275C94007819FA /* AllPokemonsRouter.swift */,
				D844AD7A2A25C19100847734 /* Cell */,
			);
			path = AllPokemon;
			sourceTree = "<group>";
		};
		D844AD802A26067A00847734 /* DetailPokemon */ = {
			isa = PBXGroup;
			children = (
				D8FEF7E42A285AA7007819FA /* Cell */,
				D844AD812A26069A00847734 /* DetailPokemonViewController.swift */,
				D844AD832A2606CD00847734 /* DetailPokemonsView.swift */,
				D8FEF7D92A275CAA007819FA /* DetailPokemonsViewModel.swift */,
				D8FEF7E92A28A9EE007819FA /* ParalaxTableView.swift */,
			);
			path = DetailPokemon;
			sourceTree = "<group>";
		};
		D844AD882A2759BA00847734 /* DataManager */ = {
			isa = PBXGroup;
			children = (
				D8FEF85B2A39E533007819FA /* PokemonDataModel.xcdatamodeld */,
				D8FEF8622A39E74E007819FA /* StoregeManager.swift */,
				D8848D342A3C1D9B00AD4EB0 /* CreatePokemonModel.swift */,
			);
			path = DataManager;
			sourceTree = "<group>";
		};
		D844AD892A275A1F00847734 /* TabBar */ = {
			isa = PBXGroup;
			children = (
				D844AD652A25A7EB00847734 /* TabBarController.swift */,
			);
			path = TabBar;
			sourceTree = "<group>";
		};
		D844AD8A2A275A9100847734 /* Favorites */ = {
			isa = PBXGroup;
			children = (
				D8FEF8662A3A00C2007819FA /* Cell */,
				D844AD682A25A80200847734 /* FavoritesPokemonsViewController.swift */,
				D8FEF8642A39FB7F007819FA /* FavoritesPokemonsView.swift */,
				D8FEF7D12A275C30007819FA /* FavoritesPokemonsViewModel.swift */,
				D8FEF7D32A275C42007819FA /* FavoritesPokemonsRouter.swift */,
			);
			path = Favorites;
			sourceTree = "<group>";
		};
		D844AD8B2A275B1600847734 /* Helpers */ = {
			isa = PBXGroup;
			children = (
				D844AD7D2A25C47A00847734 /* Constants.swift */,
				D8FEF8452A337FA2007819FA /* PokemonMaper.swift */,
			);
			path = Helpers;
			sourceTree = "<group>";
		};
		D844AD8C2A275B4500847734 /* Managers */ = {
			isa = PBXGroup;
			children = (
				D844AD882A2759BA00847734 /* DataManager */,
				D8FEF7CB2A275BE8007819FA /* NetworkManager */,
			);
			path = Managers;
			sourceTree = "<group>";
		};
		D8848D292A3B656500AD4EB0 /* CellModels */ = {
			isa = PBXGroup;
			children = (
				D8848D2A2A3B659500AD4EB0 /* AboutCellModel.swift */,
				D8848D2C2A3B66E300AD4EB0 /* EvolutionCellModel.swift */,
				D8848D2E2A3B6C8200AD4EB0 /* NameCellModel.swift */,
				D8848D302A3B6E3500AD4EB0 /* StatsCellModel.swift */,
			);
			path = CellModels;
			sourceTree = "<group>";
		};
		D8FEF7CB2A275BE8007819FA /* NetworkManager */ = {
			isa = PBXGroup;
			children = (
				D8FEF7CC2A275BE8007819FA /* Models */,
				D8FEF8512A39909D007819FA /* AllPokemonNetworkManager.swift */,
				D8FEF7CE2A275BE8007819FA /* DetailNetworkManager.swift */,
			);
			path = NetworkManager;
			sourceTree = "<group>";
		};
		D8FEF7CC2A275BE8007819FA /* Models */ = {
			isa = PBXGroup;
			children = (
				D8FEF8472A338039007819FA /* ModelsAboutPokemon.swift */,
				D8FEF8492A33808C007819FA /* ModelsEvolutionPokemon.swift */,
				D8FEF7CD2A275BE8007819FA /* ModelsPokemon.swift */,
				D8FEF84B2A3381A3007819FA /* ModelsPokemonEntry.swift */,
			);
			path = Models;
			sourceTree = "<group>";
		};
		D8FEF7E42A285AA7007819FA /* Cell */ = {
			isa = PBXGroup;
			children = (
				D8848D292A3B656500AD4EB0 /* CellModels */,
				D8FEF83C2A2F34D8007819FA /* AboutTableViewCell.swift */,
				D8FEF8432A31C67E007819FA /* EvolutionTableViewCell.swift */,
				D8FEF7E52A285AC2007819FA /* NameAndTypeOfPokemonTableViewCell.swift */,
				D8FEF83A2A2EF7EA007819FA /* SegmentControlTableViewCell.swift */,
				D8FEF8412A2F5D84007819FA /* StatsTableViewCell.swift */,
				D8FEF84D2A381FCF007819FA /* MovesTableViewCell.swift */,
				D8FEF84F2A382126007819FA /* MovesCollectionViewCell.swift */,
			);
			path = Cell;
			sourceTree = "<group>";
		};
		D8FEF8662A3A00C2007819FA /* Cell */ = {
			isa = PBXGroup;
			children = (
				D8FEF8682A3A025B007819FA /* FavotitesPokemonsTableViewCell.swift */,
				D8848D322A3B7AA300AD4EB0 /* FavoritesPokemonCellModel.swift */,
			);
			path = Cell;
			sourceTree = "<group>";
		};
/* End PBXGroup section */

/* Begin PBXNativeTarget section */
		D844AD4D2A25A6C700847734 /* Pokedex */ = {
			isa = PBXNativeTarget;
			buildConfigurationList = D844AD622A25A6C800847734 /* Build configuration list for PBXNativeTarget "Pokedex" */;
			buildPhases = (
				D844AD4A2A25A6C700847734 /* Sources */,
				D844AD4B2A25A6C700847734 /* Frameworks */,
				D844AD4C2A25A6C700847734 /* Resources */,
			);
			buildRules = (
			);
			dependencies = (
			);
			name = Pokedex;
			packageProductDependencies = (
				D844AD6E2A25ACB600847734 /* SnapKit */,
				D8FEF7DE2A275D48007819FA /* RxCocoa */,
				D8FEF7E02A275D48007819FA /* RxRelay */,
				D8FEF7E22A275D48007819FA /* RxSwift */,
				D8FEF8562A39BE3D007819FA /* Kingfisher */,
			);
			productName = Pokedex;
			productReference = D844AD4E2A25A6C700847734 /* Pokedex.app */;
			productType = "com.apple.product-type.application";
		};
/* End PBXNativeTarget section */

/* Begin PBXProject section */
		D844AD462A25A6C700847734 /* Project object */ = {
			isa = PBXProject;
			attributes = {
				BuildIndependentTargetsInParallel = 1;
				LastSwiftUpdateCheck = 1410;
				LastUpgradeCheck = 1410;
				TargetAttributes = {
					D844AD4D2A25A6C700847734 = {
						CreatedOnToolsVersion = 14.1;
					};
				};
			};
			buildConfigurationList = D844AD492A25A6C700847734 /* Build configuration list for PBXProject "Pokedex" */;
			compatibilityVersion = "Xcode 14.0";
			developmentRegion = en;
			hasScannedForEncodings = 0;
			knownRegions = (
				en,
				Base,
			);
			mainGroup = D844AD452A25A6C700847734;
			packageReferences = (
				D844AD6D2A25ACB600847734 /* XCRemoteSwiftPackageReference "SnapKit" */,
				D8FEF7DD2A275D48007819FA /* XCRemoteSwiftPackageReference "RxSwift" */,
				D8FEF8552A39BE3D007819FA /* XCRemoteSwiftPackageReference "Kingfisher" */,
			);
			productRefGroup = D844AD4F2A25A6C700847734 /* Products */;
			projectDirPath = "";
			projectRoot = "";
			targets = (
				D844AD4D2A25A6C700847734 /* Pokedex */,
			);
		};
/* End PBXProject section */

/* Begin PBXResourcesBuildPhase section */
		D844AD4C2A25A6C700847734 /* Resources */ = {
			isa = PBXResourcesBuildPhase;
			buildActionMask = 2147483647;
			files = (
				D844AD5E2A25A6C800847734 /* LaunchScreen.storyboard in Resources */,
				D844AD5B2A25A6C800847734 /* Assets.xcassets in Resources */,
			);
			runOnlyForDeploymentPostprocessing = 0;
		};
/* End PBXResourcesBuildPhase section */

/* Begin PBXSourcesBuildPhase section */
		D844AD4A2A25A6C700847734 /* Sources */ = {
			isa = PBXSourcesBuildPhase;
			buildActionMask = 2147483647;
			files = (
				D8FEF84E2A381FCF007819FA /* MovesTableViewCell.swift in Sources */,
				D8FEF7D42A275C42007819FA /* FavoritesPokemonsRouter.swift in Sources */,
				D8FEF83D2A2F34D8007819FA /* AboutTableViewCell.swift in Sources */,
				D8FEF8422A2F5D84007819FA /* StatsTableViewCell.swift in Sources */,
				D844AD522A25A6C700847734 /* AppDelegate.swift in Sources */,
				D844AD842A2606CD00847734 /* DetailPokemonsView.swift in Sources */,
				D8FEF7DA2A275CAA007819FA /* DetailPokemonsViewModel.swift in Sources */,
				D8848D312A3B6E3500AD4EB0 /* StatsCellModel.swift in Sources */,
				D8FEF8502A382126007819FA /* MovesCollectionViewCell.swift in Sources */,
				D8FEF8442A31C67E007819FA /* EvolutionTableViewCell.swift in Sources */,
				D844AD692A25A80200847734 /* AllPokemonsViewController.swift in Sources */,
				D844AD6A2A25A80200847734 /* FavoritesPokemonsViewController.swift in Sources */,
				D8FEF84A2A33808C007819FA /* ModelsEvolutionPokemon.swift in Sources */,
				D8FEF7CF2A275BE8007819FA /* ModelsPokemon.swift in Sources */,
				D8848D352A3C1D9B00AD4EB0 /* CreatePokemonModel.swift in Sources */,
				D8FEF7D02A275BE8007819FA /* DetailNetworkManager.swift in Sources */,
				D8FEF8522A39909D007819FA /* AllPokemonNetworkManager.swift in Sources */,
				D8848D2F2A3B6C8200AD4EB0 /* NameCellModel.swift in Sources */,
				D8FEF85D2A39E533007819FA /* PokemonDataModel.xcdatamodeld in Sources */,
				D8848D262A3B19D300AD4EB0 /* ProtocolTableViewCell.swift in Sources */,
				D8FEF8652A39FB7F007819FA /* FavoritesPokemonsView.swift in Sources */,
				D844AD822A26069A00847734 /* DetailPokemonViewController.swift in Sources */,
				D8848D332A3B7AA300AD4EB0 /* FavoritesPokemonCellModel.swift in Sources */,
				D8FEF84C2A3381A3007819FA /* ModelsPokemonEntry.swift in Sources */,
				D8FEF8692A3A025B007819FA /* FavotitesPokemonsTableViewCell.swift in Sources */,
				D8FEF7D62A275C7C007819FA /* AllPokemonsViewModel.swift in Sources */,
				D844AD792A25C0C800847734 /* AllPokemonsView.swift in Sources */,
				D8FEF8632A39E74E007819FA /* StoregeManager.swift in Sources */,
				D8848D2D2A3B66E300AD4EB0 /* EvolutionCellModel.swift in Sources */,
				D8FEF7D22A275C30007819FA /* FavoritesPokemonsViewModel.swift in Sources */,
				D8848D372A3C75D800AD4EB0 /* Alert.swift in Sources */,
				D8848D2B2A3B659500AD4EB0 /* AboutCellModel.swift in Sources */,
				D8FEF7EA2A28A9EE007819FA /* ParalaxTableView.swift in Sources */,
				D8FEF8482A33803A007819FA /* ModelsAboutPokemon.swift in Sources */,
				D8FEF7E62A285AC2007819FA /* NameAndTypeOfPokemonTableViewCell.swift in Sources */,
				D8FEF8612A39E660007819FA /* PokemonEntry+CoreDataProperties.swift in Sources */,
				D8FEF8462A337FA2007819FA /* PokemonMaper.swift in Sources */,
				D844AD7C2A25C1A600847734 /* AllPokemonsTableViewCell.swift in Sources */,
				D8FEF7D82A275C94007819FA /* AllPokemonsRouter.swift in Sources */,
				D8FEF83B2A2EF7EA007819FA /* SegmentControlTableViewCell.swift in Sources */,
				D8848D282A3B1A4B00AD4EB0 /* AllPokemonsCellModel.swift in Sources */,
				D844AD662A25A7EB00847734 /* TabBarController.swift in Sources */,
				D844AD7E2A25C47A00847734 /* Constants.swift in Sources */,
			);
			runOnlyForDeploymentPostprocessing = 0;
		};
/* End PBXSourcesBuildPhase section */

/* Begin PBXVariantGroup section */
		D844AD5C2A25A6C800847734 /* LaunchScreen.storyboard */ = {
			isa = PBXVariantGroup;
			children = (
				D844AD5D2A25A6C800847734 /* Base */,
			);
			name = LaunchScreen.storyboard;
			sourceTree = "<group>";
		};
/* End PBXVariantGroup section */

/* Begin XCBuildConfiguration section */
		D844AD602A25A6C800847734 /* Debug */ = {
			isa = XCBuildConfiguration;
			buildSettings = {
				ALWAYS_SEARCH_USER_PATHS = NO;
				CLANG_ANALYZER_NONNULL = YES;
				CLANG_ANALYZER_NUMBER_OBJECT_CONVERSION = YES_AGGRESSIVE;
				CLANG_CXX_LANGUAGE_STANDARD = "gnu++20";
				CLANG_ENABLE_MODULES = YES;
				CLANG_ENABLE_OBJC_ARC = YES;
				CLANG_ENABLE_OBJC_WEAK = YES;
				CLANG_WARN_BLOCK_CAPTURE_AUTORELEASING = YES;
				CLANG_WARN_BOOL_CONVERSION = YES;
				CLANG_WARN_COMMA = YES;
				CLANG_WARN_CONSTANT_CONVERSION = YES;
				CLANG_WARN_DEPRECATED_OBJC_IMPLEMENTATIONS = YES;
				CLANG_WARN_DIRECT_OBJC_ISA_USAGE = YES_ERROR;
				CLANG_WARN_DOCUMENTATION_COMMENTS = YES;
				CLANG_WARN_EMPTY_BODY = YES;
				CLANG_WARN_ENUM_CONVERSION = YES;
				CLANG_WARN_INFINITE_RECURSION = YES;
				CLANG_WARN_INT_CONVERSION = YES;
				CLANG_WARN_NON_LITERAL_NULL_CONVERSION = YES;
				CLANG_WARN_OBJC_IMPLICIT_RETAIN_SELF = YES;
				CLANG_WARN_OBJC_LITERAL_CONVERSION = YES;
				CLANG_WARN_OBJC_ROOT_CLASS = YES_ERROR;
				CLANG_WARN_QUOTED_INCLUDE_IN_FRAMEWORK_HEADER = YES;
				CLANG_WARN_RANGE_LOOP_ANALYSIS = YES;
				CLANG_WARN_STRICT_PROTOTYPES = YES;
				CLANG_WARN_SUSPICIOUS_MOVE = YES;
				CLANG_WARN_UNGUARDED_AVAILABILITY = YES_AGGRESSIVE;
				CLANG_WARN_UNREACHABLE_CODE = YES;
				CLANG_WARN__DUPLICATE_METHOD_MATCH = YES;
				COPY_PHASE_STRIP = NO;
				DEBUG_INFORMATION_FORMAT = dwarf;
				ENABLE_STRICT_OBJC_MSGSEND = YES;
				ENABLE_TESTABILITY = YES;
				GCC_C_LANGUAGE_STANDARD = gnu11;
				GCC_DYNAMIC_NO_PIC = NO;
				GCC_NO_COMMON_BLOCKS = YES;
				GCC_OPTIMIZATION_LEVEL = 0;
				GCC_PREPROCESSOR_DEFINITIONS = (
					"DEBUG=1",
					"$(inherited)",
				);
				GCC_WARN_64_TO_32_BIT_CONVERSION = YES;
				GCC_WARN_ABOUT_RETURN_TYPE = YES_ERROR;
				GCC_WARN_UNDECLARED_SELECTOR = YES;
				GCC_WARN_UNINITIALIZED_AUTOS = YES_AGGRESSIVE;
				GCC_WARN_UNUSED_FUNCTION = YES;
				GCC_WARN_UNUSED_VARIABLE = YES;
				IPHONEOS_DEPLOYMENT_TARGET = 16.1;
				MTL_ENABLE_DEBUG_INFO = INCLUDE_SOURCE;
				MTL_FAST_MATH = YES;
				ONLY_ACTIVE_ARCH = YES;
				SDKROOT = iphoneos;
				SWIFT_ACTIVE_COMPILATION_CONDITIONS = DEBUG;
				SWIFT_OPTIMIZATION_LEVEL = "-Onone";
			};
			name = Debug;
		};
		D844AD612A25A6C800847734 /* Release */ = {
			isa = XCBuildConfiguration;
			buildSettings = {
				ALWAYS_SEARCH_USER_PATHS = NO;
				CLANG_ANALYZER_NONNULL = YES;
				CLANG_ANALYZER_NUMBER_OBJECT_CONVERSION = YES_AGGRESSIVE;
				CLANG_CXX_LANGUAGE_STANDARD = "gnu++20";
				CLANG_ENABLE_MODULES = YES;
				CLANG_ENABLE_OBJC_ARC = YES;
				CLANG_ENABLE_OBJC_WEAK = YES;
				CLANG_WARN_BLOCK_CAPTURE_AUTORELEASING = YES;
				CLANG_WARN_BOOL_CONVERSION = YES;
				CLANG_WARN_COMMA = YES;
				CLANG_WARN_CONSTANT_CONVERSION = YES;
				CLANG_WARN_DEPRECATED_OBJC_IMPLEMENTATIONS = YES;
				CLANG_WARN_DIRECT_OBJC_ISA_USAGE = YES_ERROR;
				CLANG_WARN_DOCUMENTATION_COMMENTS = YES;
				CLANG_WARN_EMPTY_BODY = YES;
				CLANG_WARN_ENUM_CONVERSION = YES;
				CLANG_WARN_INFINITE_RECURSION = YES;
				CLANG_WARN_INT_CONVERSION = YES;
				CLANG_WARN_NON_LITERAL_NULL_CONVERSION = YES;
				CLANG_WARN_OBJC_IMPLICIT_RETAIN_SELF = YES;
				CLANG_WARN_OBJC_LITERAL_CONVERSION = YES;
				CLANG_WARN_OBJC_ROOT_CLASS = YES_ERROR;
				CLANG_WARN_QUOTED_INCLUDE_IN_FRAMEWORK_HEADER = YES;
				CLANG_WARN_RANGE_LOOP_ANALYSIS = YES;
				CLANG_WARN_STRICT_PROTOTYPES = YES;
				CLANG_WARN_SUSPICIOUS_MOVE = YES;
				CLANG_WARN_UNGUARDED_AVAILABILITY = YES_AGGRESSIVE;
				CLANG_WARN_UNREACHABLE_CODE = YES;
				CLANG_WARN__DUPLICATE_METHOD_MATCH = YES;
				COPY_PHASE_STRIP = NO;
				DEBUG_INFORMATION_FORMAT = "dwarf-with-dsym";
				ENABLE_NS_ASSERTIONS = NO;
				ENABLE_STRICT_OBJC_MSGSEND = YES;
				GCC_C_LANGUAGE_STANDARD = gnu11;
				GCC_NO_COMMON_BLOCKS = YES;
				GCC_WARN_64_TO_32_BIT_CONVERSION = YES;
				GCC_WARN_ABOUT_RETURN_TYPE = YES_ERROR;
				GCC_WARN_UNDECLARED_SELECTOR = YES;
				GCC_WARN_UNINITIALIZED_AUTOS = YES_AGGRESSIVE;
				GCC_WARN_UNUSED_FUNCTION = YES;
				GCC_WARN_UNUSED_VARIABLE = YES;
				IPHONEOS_DEPLOYMENT_TARGET = 16.1;
				MTL_ENABLE_DEBUG_INFO = NO;
				MTL_FAST_MATH = YES;
				SDKROOT = iphoneos;
				SWIFT_COMPILATION_MODE = wholemodule;
				SWIFT_OPTIMIZATION_LEVEL = "-O";
				VALIDATE_PRODUCT = YES;
			};
			name = Release;
		};
		D844AD632A25A6C800847734 /* Debug */ = {
			isa = XCBuildConfiguration;
			buildSettings = {
				ASSETCATALOG_COMPILER_APPICON_NAME = AppIcon;
				ASSETCATALOG_COMPILER_GLOBAL_ACCENT_COLOR_NAME = AccentColor;
				CODE_SIGN_STYLE = Automatic;
				CURRENT_PROJECT_VERSION = 1;
				DEVELOPMENT_TEAM = T8R9H3LLP6;
				GENERATE_INFOPLIST_FILE = YES;
				INFOPLIST_FILE = Pokedex/Resources/Info.plist;
				INFOPLIST_KEY_UIApplicationSupportsIndirectInputEvents = YES;
				INFOPLIST_KEY_UILaunchStoryboardName = LaunchScreen;
				INFOPLIST_KEY_UIStatusBarHidden = NO;
				INFOPLIST_KEY_UIStatusBarStyle = UIStatusBarStyleDarkContent;
				INFOPLIST_KEY_UISupportedInterfaceOrientations = UIInterfaceOrientationPortrait;
				LD_RUNPATH_SEARCH_PATHS = (
					"$(inherited)",
					"@executable_path/Frameworks",
				);
				MARKETING_VERSION = 1.0;
				PRODUCT_BUNDLE_IDENTIFIER = com.odegovVitaly.Pokedex;
				PRODUCT_NAME = "$(TARGET_NAME)";
				SUPPORTED_PLATFORMS = "iphoneos iphonesimulator";
				SUPPORTS_MACCATALYST = NO;
				SUPPORTS_MAC_DESIGNED_FOR_IPHONE_IPAD = YES;
				SWIFT_EMIT_LOC_STRINGS = YES;
				SWIFT_VERSION = 5.0;
				TARGETED_DEVICE_FAMILY = 1;
			};
			name = Debug;
		};
		D844AD642A25A6C800847734 /* Release */ = {
			isa = XCBuildConfiguration;
			buildSettings = {
				ASSETCATALOG_COMPILER_APPICON_NAME = AppIcon;
				ASSETCATALOG_COMPILER_GLOBAL_ACCENT_COLOR_NAME = AccentColor;
				CODE_SIGN_STYLE = Automatic;
				CURRENT_PROJECT_VERSION = 1;
				DEVELOPMENT_TEAM = T8R9H3LLP6;
				GENERATE_INFOPLIST_FILE = YES;
				INFOPLIST_FILE = Pokedex/Resources/Info.plist;
				INFOPLIST_KEY_UIApplicationSupportsIndirectInputEvents = YES;
				INFOPLIST_KEY_UILaunchStoryboardName = LaunchScreen;
				INFOPLIST_KEY_UIStatusBarHidden = NO;
				INFOPLIST_KEY_UIStatusBarStyle = UIStatusBarStyleDarkContent;
				INFOPLIST_KEY_UISupportedInterfaceOrientations = UIInterfaceOrientationPortrait;
				LD_RUNPATH_SEARCH_PATHS = (
					"$(inherited)",
					"@executable_path/Frameworks",
				);
				MARKETING_VERSION = 1.0;
				PRODUCT_BUNDLE_IDENTIFIER = com.odegovVitaly.Pokedex;
				PRODUCT_NAME = "$(TARGET_NAME)";
				SUPPORTED_PLATFORMS = "iphoneos iphonesimulator";
				SUPPORTS_MACCATALYST = NO;
				SUPPORTS_MAC_DESIGNED_FOR_IPHONE_IPAD = YES;
				SWIFT_EMIT_LOC_STRINGS = YES;
				SWIFT_VERSION = 5.0;
				TARGETED_DEVICE_FAMILY = 1;
			};
			name = Release;
		};
/* End XCBuildConfiguration section */

/* Begin XCConfigurationList section */
		D844AD492A25A6C700847734 /* Build configuration list for PBXProject "Pokedex" */ = {
			isa = XCConfigurationList;
			buildConfigurations = (
				D844AD602A25A6C800847734 /* Debug */,
				D844AD612A25A6C800847734 /* Release */,
			);
			defaultConfigurationIsVisible = 0;
			defaultConfigurationName = Release;
		};
		D844AD622A25A6C800847734 /* Build configuration list for PBXNativeTarget "Pokedex" */ = {
			isa = XCConfigurationList;
			buildConfigurations = (
				D844AD632A25A6C800847734 /* Debug */,
				D844AD642A25A6C800847734 /* Release */,
			);
			defaultConfigurationIsVisible = 0;
			defaultConfigurationName = Release;
		};
/* End XCConfigurationList section */

/* Begin XCRemoteSwiftPackageReference section */
		D844AD6D2A25ACB600847734 /* XCRemoteSwiftPackageReference "SnapKit" */ = {
			isa = XCRemoteSwiftPackageReference;
			repositoryURL = "https://github.com/SnapKit/SnapKit.git";
			requirement = {
				branch = develop;
				kind = branch;
			};
		};
		D8FEF7DD2A275D48007819FA /* XCRemoteSwiftPackageReference "RxSwift" */ = {
			isa = XCRemoteSwiftPackageReference;
			repositoryURL = "https://github.com/ReactiveX/RxSwift.git";
			requirement = {
				kind = upToNextMajorVersion;
				minimumVersion = 6.0.0;
			};
		};
		D8FEF8552A39BE3D007819FA /* XCRemoteSwiftPackageReference "Kingfisher" */ = {
			isa = XCRemoteSwiftPackageReference;
			repositoryURL = "https://github.com/onevcat/Kingfisher.git";
			requirement = {
				kind = upToNextMajorVersion;
				minimumVersion = 7.0.0;
			};
		};
/* End XCRemoteSwiftPackageReference section */

/* Begin XCSwiftPackageProductDependency section */
		D844AD6E2A25ACB600847734 /* SnapKit */ = {
			isa = XCSwiftPackageProductDependency;
			package = D844AD6D2A25ACB600847734 /* XCRemoteSwiftPackageReference "SnapKit" */;
			productName = SnapKit;
		};
		D8FEF7DE2A275D48007819FA /* RxCocoa */ = {
			isa = XCSwiftPackageProductDependency;
			package = D8FEF7DD2A275D48007819FA /* XCRemoteSwiftPackageReference "RxSwift" */;
			productName = RxCocoa;
		};
		D8FEF7E02A275D48007819FA /* RxRelay */ = {
			isa = XCSwiftPackageProductDependency;
			package = D8FEF7DD2A275D48007819FA /* XCRemoteSwiftPackageReference "RxSwift" */;
			productName = RxRelay;
		};
		D8FEF7E22A275D48007819FA /* RxSwift */ = {
			isa = XCSwiftPackageProductDependency;
			package = D8FEF7DD2A275D48007819FA /* XCRemoteSwiftPackageReference "RxSwift" */;
			productName = RxSwift;
		};
		D8FEF8562A39BE3D007819FA /* Kingfisher */ = {
			isa = XCSwiftPackageProductDependency;
			package = D8FEF8552A39BE3D007819FA /* XCRemoteSwiftPackageReference "Kingfisher" */;
			productName = Kingfisher;
		};
/* End XCSwiftPackageProductDependency section */

/* Begin XCVersionGroup section */
		D8FEF85B2A39E533007819FA /* PokemonDataModel.xcdatamodeld */ = {
			isa = XCVersionGroup;
			children = (
				D8FEF85C2A39E533007819FA /* PokemonDataModel.xcdatamodel */,
			);
			currentVersion = D8FEF85C2A39E533007819FA /* PokemonDataModel.xcdatamodel */;
			path = PokemonDataModel.xcdatamodeld;
			sourceTree = "<group>";
			versionGroupType = wrapper.xcdatamodel;
		};
/* End XCVersionGroup section */
	};
	rootObject = D844AD462A25A6C700847734 /* Project object */;
}
